
Microsoft Visual Studio Solution File, Format Version 12.00
# Visual Studio Version 17
VisualStudioVersion = 17.0.31903.59
MinimumVisualStudioVersion = 10.0.40219.1
Project("{2150E333-8FDC-42A3-9474-1A3956D46DE8}") = "src", "src", "{827E0CD3-B72D-47B6-A68D-7590B98EB39B}"
EndProject
Project("{FAE04EC0-301F-11D3-BF4B-00C04F79EFBC}") = "NuvyntraLabs.NET.Result", "src\NuvyntraLabs.NET.Result\NuvyntraLabs.NET.Result.csproj", "{ADFB3F12-DCAF-40FC-8277-D6DE48EADBC9}"
EndProject
Project("{2150E333-8FDC-42A3-9474-1A3956D46DE8}") = "tests", "tests", "{0AB3BF05-4346-4AA6-1389-037BE0695223}"
EndProject
Project("{FAE04EC0-301F-11D3-BF4B-00C04F79EFBC}") = "NuvyntraLabs.NET.Result.Tests", "tests\NuvyntraLabs.NET.Result.Tests\NuvyntraLabs.NET.Result.Tests.csproj", "{BD822037-6F1E-4AC8-8D02-D85F4F9A3BF6}"
EndProject
Project("{2150E333-8FDC-42A3-9474-1A3956D46DE8}") = "samples", "samples", "{5D20AA90-6969-D8BD-9DCD-8634F4692FDA}"
EndProject
Project("{FAE04EC0-301F-11D3-BF4B-00C04F79EFBC}") = "Result.Sample", "samples\Result.Sample\Result.Sample.csproj", "{3E9B0FEE-78AA-494D-8E07-B63E567E6300}"
EndProject
Global
	GlobalSection(SolutionConfigurationPlatforms) = preSolution
		Debug|Any CPU = Debug|Any CPU
		Debug|x64 = Debug|x64
		Debug|x86 = Debug|x86
		Release|Any CPU = Release|Any CPU
		Release|x64 = Release|x64
		Release|x86 = Release|x86
	EndGlobalSection
	GlobalSection(ProjectConfigurationPlatforms) = postSolution
		{ADFB3F12-DCAF-40FC-8277-D6DE48EADBC9}.Debug|Any CPU.ActiveCfg = Debug|Any CPU
		{ADFB3F12-DCAF-40FC-8277-D6DE48EADBC9}.Debug|Any CPU.Build.0 = Debug|Any CPU
		{ADFB3F12-DCAF-40FC-8277-D6DE48EADBC9}.Debug|x64.ActiveCfg = Debug|Any CPU
		{ADFB3F12-DCAF-40FC-8277-D6DE48EADBC9}.Debug|x64.Build.0 = Debug|Any CPU
		{ADFB3F12-DCAF-40FC-8277-D6DE48EADBC9}.Debug|x86.ActiveCfg = Debug|Any CPU
		{ADFB3F12-DCAF-40FC-8277-D6DE48EADBC9}.Debug|x86.Build.0 = Debug|Any CPU
		{ADFB3F12-DCAF-40FC-8277-D6DE48EADBC9}.Release|Any CPU.ActiveCfg = Release|Any CPU
		{ADFB3F12-DCAF-40FC-8277-D6DE48EADBC9}.Release|Any CPU.Build.0 = Release|Any CPU
		{ADFB3F12-DCAF-40FC-8277-D6DE48EADBC9}.Release|x64.ActiveCfg = Release|Any CPU
		{ADFB3F12-DCAF-40FC-8277-D6DE48EADBC9}.Release|x64.Build.0 = Release|Any CPU
		{ADFB3F12-DCAF-40FC-8277-D6DE48EADBC9}.Release|x86.ActiveCfg = Release|Any CPU
		{ADFB3F12-DCAF-40FC-8277-D6DE48EADBC9}.Release|x86.Build.0 = Release|Any CPU
		{BD822037-6F1E-4AC8-8D02-D85F4F9A3BF6}.Debug|Any CPU.ActiveCfg = Debug|Any CPU
		{BD822037-6F1E-4AC8-8D02-D85F4F9A3BF6}.Debug|Any CPU.Build.0 = Debug|Any CPU
		{BD822037-6F1E-4AC8-8D02-D85F4F9A3BF6}.Debug|x64.ActiveCfg = Debug|Any CPU
		{BD822037-6F1E-4AC8-8D02-D85F4F9A3BF6}.Debug|x64.Build.0 = Debug|Any CPU
		{BD822037-6F1E-4AC8-8D02-D85F4F9A3BF6}.Debug|x86.ActiveCfg = Debug|Any CPU
		{BD822037-6F1E-4AC8-8D02-D85F4F9A3BF6}.Debug|x86.Build.0 = Debug|Any CPU
		{BD822037-6F1E-4AC8-8D02-D85F4F9A3BF6}.Release|Any CPU.ActiveCfg = Release|Any CPU
		{BD822037-6F1E-4AC8-8D02-D85F4F9A3BF6}.Release|Any CPU.Build.0 = Release|Any CPU
		{BD822037-6F1E-4AC8-8D02-D85F4F9A3BF6}.Release|x64.ActiveCfg = Release|Any CPU
		{BD822037-6F1E-4AC8-8D02-D85F4F9A3BF6}.Release|x64.Build.0 = Release|Any CPU
		{BD822037-6F1E-4AC8-8D02-D85F4F9A3BF6}.Release|x86.ActiveCfg = Release|Any CPU
		{BD822037-6F1E-4AC8-8D02-D85F4F9A3BF6}.Release|x86.Build.0 = Release|Any CPU
		{3E9B0FEE-78AA-494D-8E07-B63E567E6300}.Debug|Any CPU.ActiveCfg = Debug|Any CPU
		{3E9B0FEE-78AA-494D-8E07-B63E567E6300}.Debug|Any CPU.Build.0 = Debug|Any CPU
		{3E9B0FEE-78AA-494D-8E07-B63E567E6300}.Debug|x64.ActiveCfg = Debug|Any CPU
		{3E9B0FEE-78AA-494D-8E07-B63E567E6300}.Debug|x64.Build.0 = Debug|Any CPU
		{3E9B0FEE-78AA-494D-8E07-B63E567E6300}.Debug|x86.ActiveCfg = Debug|Any CPU
		{3E9B0FEE-78AA-494D-8E07-B63E567E6300}.Debug|x86.Build.0 = Debug|Any CPU
		{3E9B0FEE-78AA-494D-8E07-B63E567E6300}.Release|Any CPU.ActiveCfg = Release|Any CPU
		{3E9B0FEE-78AA-494D-8E07-B63E567E6300}.Release|Any CPU.Build.0 = Release|Any CPU
		{3E9B0FEE-78AA-494D-8E07-B63E567E6300}.Release|x64.ActiveCfg = Release|Any CPU
		{3E9B0FEE-78AA-494D-8E07-B63E567E6300}.Release|x64.Build.0 = Release|Any CPU
		{3E9B0FEE-78AA-494D-8E07-B63E567E6300}.Release|x86.ActiveCfg = Release|Any CPU
		{3E9B0FEE-78AA-494D-8E07-B63E567E6300}.Release|x86.Build.0 = Release|Any CPU
	EndGlobalSection
	GlobalSection(SolutionProperties) = preSolution
		HideSolutionNode = FALSE
	EndGlobalSection
	GlobalSection(NestedProjects) = preSolution
		{ADFB3F12-DCAF-40FC-8277-D6DE48EADBC9} = {827E0CD3-B72D-47B6-A68D-7590B98EB39B}
		{BD822037-6F1E-4AC8-8D02-D85F4F9A3BF6} = {0AB3BF05-4346-4AA6-1389-037BE0695223}
		{3E9B0FEE-78AA-494D-8E07-B63E567E6300} = {5D20AA90-6969-D8BD-9DCD-8634F4692FDA}
	EndGlobalSection
EndGlobal
